// !$*UTF8*$!
{
	archiveVersion = 1;
	classes = {
	};
	objectVersion = 46;
	objects = {

/* Begin PBXBuildFile section */
		041817871B124AB4002CA532 /* BaseTest.swift in Sources */ = {isa = PBXBuildFile; fileRef = 041817781B124AB4002CA532 /* BaseTest.swift */; };
		041817891B124AB4002CA532 /* ConverterTests.swift in Sources */ = {isa = PBXBuildFile; fileRef = 041817791B124AB4002CA532 /* ConverterTests.swift */; };
		0418178B1B124AB4002CA532 /* DecodableTests.swift in Sources */ = {isa = PBXBuildFile; fileRef = 0418177A1B124AB4002CA532 /* DecodableTests.swift */; };
		0418178F1B124AB4002CA532 /* DefaultTests.swift in Sources */ = {isa = PBXBuildFile; fileRef = 0418177C1B124AB4002CA532 /* DefaultTests.swift */; };
		041817911B124AB4002CA532 /* EncodableTests.swift in Sources */ = {isa = PBXBuildFile; fileRef = 0418177D1B124AB4002CA532 /* EncodableTests.swift */; };
		041817951B124AB4002CA532 /* EnumTests.swift in Sources */ = {isa = PBXBuildFile; fileRef = 0418177F1B124AB4002CA532 /* EnumTests.swift */; };
		0418179B1B124AB4002CA532 /* RecursiveTests.swift in Sources */ = {isa = PBXBuildFile; fileRef = 041817821B124AB4002CA532 /* RecursiveTests.swift */; };
		0418179F1B124AB4002CA532 /* TemplateTests.swift in Sources */ = {isa = PBXBuildFile; fileRef = 041817841B124AB4002CA532 /* TemplateTests.swift */; };
		044F88121AE5D02900FAB475 /* ObjectModels.swift in Sources */ = {isa = PBXBuildFile; fileRef = 04012AC61AE132AE006DAC19 /* ObjectModels.swift */; };
		044F88131AE5D02900FAB475 /* RecursiveModel.swift in Sources */ = {isa = PBXBuildFile; fileRef = 04012AC71AE132AE006DAC19 /* RecursiveModel.swift */; };
		044F88961AE69BD900FAB475 /* Company.swift in Sources */ = {isa = PBXBuildFile; fileRef = 044F88881AE69BD900FAB475 /* Company.swift */; };
		044F88971AE69BD900FAB475 /* Employee.swift in Sources */ = {isa = PBXBuildFile; fileRef = 044F88891AE69BD900FAB475 /* Employee.swift */; };
		044F88981AE69BD900FAB475 /* Gender.swift in Sources */ = {isa = PBXBuildFile; fileRef = 044F888A1AE69BD900FAB475 /* Gender.swift */; };
		044F88991AE69BD900FAB475 /* Grandchild.swift in Sources */ = {isa = PBXBuildFile; fileRef = 044F888B1AE69BD900FAB475 /* Grandchild.swift */; };
		044F889A1AE69BD900FAB475 /* TestChild.swift in Sources */ = {isa = PBXBuildFile; fileRef = 044F888C1AE69BD900FAB475 /* TestChild.swift */; };
		044F889B1AE69BD900FAB475 /* TestCollections.swift in Sources */ = {isa = PBXBuildFile; fileRef = 044F888D1AE69BD900FAB475 /* TestCollections.swift */; };
		044F889D1AE69BD900FAB475 /* TestImmutableOptionalTypes.swift in Sources */ = {isa = PBXBuildFile; fileRef = 044F888F1AE69BD900FAB475 /* TestImmutableOptionalTypes.swift */; };
		044F889E1AE69BD900FAB475 /* TestImmutableTypes.swift in Sources */ = {isa = PBXBuildFile; fileRef = 044F88901AE69BD900FAB475 /* TestImmutableTypes.swift */; };
		044F889F1AE69BD900FAB475 /* TestOptionalTypes.swift in Sources */ = {isa = PBXBuildFile; fileRef = 044F88911AE69BD900FAB475 /* TestOptionalTypes.swift */; };
		044F88A01AE69BD900FAB475 /* TestOverrideType.swift in Sources */ = {isa = PBXBuildFile; fileRef = 044F88921AE69BD900FAB475 /* TestOverrideType.swift */; };
		044F88A11AE69BD900FAB475 /* TestRelationships.swift in Sources */ = {isa = PBXBuildFile; fileRef = 044F88931AE69BD900FAB475 /* TestRelationships.swift */; };
		044F88A21AE69BD900FAB475 /* TestTransformable.swift in Sources */ = {isa = PBXBuildFile; fileRef = 044F88941AE69BD900FAB475 /* TestTransformable.swift */; };
		044F88A31AE69BD900FAB475 /* TestTypes.swift in Sources */ = {isa = PBXBuildFile; fileRef = 044F88951AE69BD900FAB475 /* TestTypes.swift */; };
		0485AA1A1AFE9B83008E89D6 /* _TestMigrationV1.swift in Sources */ = {isa = PBXBuildFile; fileRef = 0485AA171AFE9B83008E89D6 /* _TestMigrationV1.swift */; };
		0485AA1C1AFE9B83008E89D6 /* TestMigrationV1.swift in Sources */ = {isa = PBXBuildFile; fileRef = 0485AA181AFE9B83008E89D6 /* TestMigrationV1.swift */; };
		0485AA221AFE9BDE008E89D6 /* TestMigrationV2.swift in Sources */ = {isa = PBXBuildFile; fileRef = 0485AA1E1AFE9BDE008E89D6 /* TestMigrationV2.swift */; };
		0485AA251AFE9C43008E89D6 /* _TestMigrationV2.swift in Sources */ = {isa = PBXBuildFile; fileRef = 0485AA231AFE9C43008E89D6 /* _TestMigrationV2.swift */; };
		04925EC01AE9967500BF1D88 /* TestDefaults.swift in Sources */ = {isa = PBXBuildFile; fileRef = 04925EBF1AE9967500BF1D88 /* TestDefaults.swift */; };
		04925EC21AE9967B00BF1D88 /* _TestDefaults.swift in Sources */ = {isa = PBXBuildFile; fileRef = 04925EC11AE9967B00BF1D88 /* _TestDefaults.swift */; };
		04B46BE21B2EF44F00ED20BF /* BasicModels.swift in Sources */ = {isa = PBXBuildFile; fileRef = 04012AC51AE132AE006DAC19 /* BasicModels.swift */; };
		04B46BE41B2EF89400ED20BF /* RelationshipTests.swift in Sources */ = {isa = PBXBuildFile; fileRef = 041817831B124AB4002CA532 /* RelationshipTests.swift */; };
		04B46BE51B2EFAE000ED20BF /* EncodingTests.swift in Sources */ = {isa = PBXBuildFile; fileRef = 0418177E1B124AB4002CA532 /* EncodingTests.swift */; };
		04B46BE71B2EFAE800ED20BF /* DecodingTests.swift in Sources */ = {isa = PBXBuildFile; fileRef = 0418177B1B124AB4002CA532 /* DecodingTests.swift */; };
		04BD1ACF1AE9A6E4008F576C /* _TestDefaultsChild.swift in Sources */ = {isa = PBXBuildFile; fileRef = 04BD1ACD1AE9A6E4008F576C /* _TestDefaultsChild.swift */; };
		04BD1AD01AE9A6E4008F576C /* TestDefaultsChild.swift in Sources */ = {isa = PBXBuildFile; fileRef = 04BD1ACE1AE9A6E4008F576C /* TestDefaultsChild.swift */; };
		04BD1AEF1AEACF75008F576C /* _TestRegEnum.swift in Sources */ = {isa = PBXBuildFile; fileRef = 04BD1AED1AEACF75008F576C /* _TestRegEnum.swift */; };
		04BD1AF01AEACF75008F576C /* TestRegEnum.swift in Sources */ = {isa = PBXBuildFile; fileRef = 04BD1AEE1AEACF75008F576C /* TestRegEnum.swift */; };
		04BD1AF31AEACF86008F576C /* _TestRawEnum.swift in Sources */ = {isa = PBXBuildFile; fileRef = 04BD1AF11AEACF86008F576C /* _TestRawEnum.swift */; };
		04BD1AF41AEACF86008F576C /* TestRawEnum.swift in Sources */ = {isa = PBXBuildFile; fileRef = 04BD1AF21AEACF86008F576C /* TestRawEnum.swift */; };
		04BD1AF61AEAD2A0008F576C /* _TestAssociatedEnum.swift in Sources */ = {isa = PBXBuildFile; fileRef = 04BD1AF51AEAD2A0008F576C /* _TestAssociatedEnum.swift */; };
		04BD1AF81AEAD2B9008F576C /* TestAssociatedEnum.swift in Sources */ = {isa = PBXBuildFile; fileRef = 04BD1AF71AEAD2B9008F576C /* TestAssociatedEnum.swift */; };
		04BD1AFF1AEBA549008F576C /* _TestAssociatedOptionalEnum.swift in Sources */ = {isa = PBXBuildFile; fileRef = 04BD1AFD1AEBA549008F576C /* _TestAssociatedOptionalEnum.swift */; };
		04BD1B001AEBA549008F576C /* TestAssociatedOptionalEnum.swift in Sources */ = {isa = PBXBuildFile; fileRef = 04BD1AFE1AEBA549008F576C /* TestAssociatedOptionalEnum.swift */; };
		04C1B92F1AE9219900A85730 /* _Company.swift in Sources */ = {isa = PBXBuildFile; fileRef = 04C1B9211AE9219900A85730 /* _Company.swift */; };
		04C1B9301AE9219900A85730 /* _Employee.swift in Sources */ = {isa = PBXBuildFile; fileRef = 04C1B9221AE9219900A85730 /* _Employee.swift */; };
		04C1B9311AE9219900A85730 /* _Gender.swift in Sources */ = {isa = PBXBuildFile; fileRef = 04C1B9231AE9219900A85730 /* _Gender.swift */; };
		04C1B9321AE9219900A85730 /* _Grandchild.swift in Sources */ = {isa = PBXBuildFile; fileRef = 04C1B9241AE9219900A85730 /* _Grandchild.swift */; };
		04C1B9331AE9219900A85730 /* _TestChild.swift in Sources */ = {isa = PBXBuildFile; fileRef = 04C1B9251AE9219900A85730 /* _TestChild.swift */; };
		04C1B9341AE9219900A85730 /* _TestCollections.swift in Sources */ = {isa = PBXBuildFile; fileRef = 04C1B9261AE9219900A85730 /* _TestCollections.swift */; };
		04C1B9361AE9219900A85730 /* _TestImmutableOptionalTypes.swift in Sources */ = {isa = PBXBuildFile; fileRef = 04C1B9281AE9219900A85730 /* _TestImmutableOptionalTypes.swift */; };
		04C1B9371AE9219900A85730 /* _TestImmutableTypes.swift in Sources */ = {isa = PBXBuildFile; fileRef = 04C1B9291AE9219900A85730 /* _TestImmutableTypes.swift */; };
		04C1B9381AE9219900A85730 /* _TestOptionalTypes.swift in Sources */ = {isa = PBXBuildFile; fileRef = 04C1B92A1AE9219900A85730 /* _TestOptionalTypes.swift */; };
		04C1B9391AE9219900A85730 /* _TestOverrideType.swift in Sources */ = {isa = PBXBuildFile; fileRef = 04C1B92B1AE9219900A85730 /* _TestOverrideType.swift */; };
		04C1B93A1AE9219900A85730 /* _TestRelationships.swift in Sources */ = {isa = PBXBuildFile; fileRef = 04C1B92C1AE9219900A85730 /* _TestRelationships.swift */; };
		04C1B93B1AE9219900A85730 /* _TestTransformable.swift in Sources */ = {isa = PBXBuildFile; fileRef = 04C1B92D1AE9219900A85730 /* _TestTransformable.swift */; };
		04C1B93C1AE9219900A85730 /* _TestTypes.swift in Sources */ = {isa = PBXBuildFile; fileRef = 04C1B92E1AE9219900A85730 /* _TestTypes.swift */; };
		04C3C6DA1AFA73E600C95039 /* _TestTransient.swift in Sources */ = {isa = PBXBuildFile; fileRef = 04C3C6D71AFA73E600C95039 /* _TestTransient.swift */; };
		04C3C6DC1AFA73E600C95039 /* TestTransient.swift in Sources */ = {isa = PBXBuildFile; fileRef = 04C3C6D81AFA73E600C95039 /* TestTransient.swift */; };
		04C3C6E01AFA77E300C95039 /* _TestTransient2.swift in Sources */ = {isa = PBXBuildFile; fileRef = 04C3C6DD1AFA77E300C95039 /* _TestTransient2.swift */; };
		04C3C6E21AFA77E300C95039 /* TestTransient2.swift in Sources */ = {isa = PBXBuildFile; fileRef = 04C3C6DE1AFA77E300C95039 /* TestTransient2.swift */; };
		04C3C6E61AFA7E2400C95039 /* _TestTransient3.swift in Sources */ = {isa = PBXBuildFile; fileRef = 04C3C6E31AFA7E2400C95039 /* _TestTransient3.swift */; };
		04C3C6E81AFA7E2400C95039 /* TestTransient3.swift in Sources */ = {isa = PBXBuildFile; fileRef = 04C3C6E41AFA7E2400C95039 /* TestTransient3.swift */; };
		960072DC1BA8590E00AFD3C5 /* TestParentProtocol.swift in Sources */ = {isa = PBXBuildFile; fileRef = 96A860291B4B2D5E006A5ABE /* TestParentProtocol.swift */; };
		960072DF1BA8591700AFD3C5 /* _TestParentProtocol.swift in Sources */ = {isa = PBXBuildFile; fileRef = 96A85FD41B4AD38E006A5ABE /* _TestParentProtocol.swift */; };
		960072E11BA8593800AFD3C5 /* _TestProtocol.swift in Sources */ = {isa = PBXBuildFile; fileRef = 96A85FD51B4AD38E006A5ABE /* _TestProtocol.swift */; };
		960072E31BA8594300AFD3C5 /* TestProtocol.swift in Sources */ = {isa = PBXBuildFile; fileRef = 96A860321B4B35A8006A5ABE /* TestProtocol.swift */; };
		960072E61BA8595000AFD3C5 /* _TestProtocolConformer.swift in Sources */ = {isa = PBXBuildFile; fileRef = 96A85FE31B4ADCF8006A5ABE /* _TestProtocolConformer.swift */; };
		961D13F01C11AE5A00F0EE1F /* Big_data-bin.plist in Resources */ = {isa = PBXBuildFile; fileRef = 961D13EB1C11AE5A00F0EE1F /* Big_data-bin.plist */; };
		961D13F21C11AE5A00F0EE1F /* Big_data.json in Resources */ = {isa = PBXBuildFile; fileRef = 961D13EC1C11AE5A00F0EE1F /* Big_data.json */; };
		961D13F41C11AE5A00F0EE1F /* Big_data.plist in Resources */ = {isa = PBXBuildFile; fileRef = 961D13ED1C11AE5A00F0EE1F /* Big_data.plist */; };
		961D13F61C11AE5A00F0EE1F /* Data.json in Resources */ = {isa = PBXBuildFile; fileRef = 961D13EE1C11AE5A00F0EE1F /* Data.json */; };
		961D13F81C11AE5A00F0EE1F /* Data.plist in Resources */ = {isa = PBXBuildFile; fileRef = 961D13EF1C11AE5A00F0EE1F /* Data.plist */; };
		9690A0641C942C9100924F4C /* _TestProtocolConformer2.swift in Sources */ = {isa = PBXBuildFile; fileRef = 9690A0621C942C9100924F4C /* _TestProtocolConformer2.swift */; };
		9690A0651C942C9100924F4C /* TestProtocolConformer2.swift in Sources */ = {isa = PBXBuildFile; fileRef = 9690A0631C942C9100924F4C /* TestProtocolConformer2.swift */; };
		96960A5B1C90F00B00D4E6D0 /* Library.swift in Sources */ = {isa = PBXBuildFile; fileRef = 96960A4B1C90F00B00D4E6D0 /* Library.swift */; };
		96960A5C1C90F00B00D4E6D0 /* Migration.swift in Sources */ = {isa = PBXBuildFile; fileRef = 96960A4C1C90F00B00D4E6D0 /* Migration.swift */; };
		96960A5D1C90F00B00D4E6D0 /* Model.swift in Sources */ = {isa = PBXBuildFile; fileRef = 96960A4D1C90F00B00D4E6D0 /* Model.swift */; };
		96960A681C90F07700D4E6D0 /* State.h in Headers */ = {isa = PBXBuildFile; fileRef = 96960A651C90F07700D4E6D0 /* State.h */; settings = {ATTRIBUTES = (Public, ); }; };
		96A5435F1B63C6C8009A2B2D /* _TestDictionaryComposition.swift in Sources */ = {isa = PBXBuildFile; fileRef = 96A5435D1B63C6C8009A2B2D /* _TestDictionaryComposition.swift */; };
		96A543611B63C6C8009A2B2D /* TestDictionaryComposition.swift in Sources */ = {isa = PBXBuildFile; fileRef = 96A5435E1B63C6C8009A2B2D /* TestDictionaryComposition.swift */; };
		96B8A8F91C9AD3CC0086619F /* Coding.swift in Sources */ = {isa = PBXBuildFile; fileRef = 96B8A8F81C9AD3CC0086619F /* Coding.swift */; };
		96B8A8FC1C9ADFCF0086619F /* ProtocolTests.swift in Sources */ = {isa = PBXBuildFile; fileRef = 9690A0601C9429A300924F4C /* ProtocolTests.swift */; };
		96B8A8FD1C9ADFDB0086619F /* _TestProtocolContainter.swift in Sources */ = {isa = PBXBuildFile; fileRef = 96A8602C1B4B3040006A5ABE /* _TestProtocolContainter.swift */; };
		96B8A8FE1C9ADFDB0086619F /* TestProtocolContainter.swift in Sources */ = {isa = PBXBuildFile; fileRef = 96A8602F1B4B304A006A5ABE /* TestProtocolContainter.swift */; };
		96B8A9091C9AFA390086619F /* (null) in Sources */ = {isa = PBXBuildFile; };
		96B8A9491C9BEB870086619F /* Conversion.swift in Sources */ = {isa = PBXBuildFile; fileRef = 96B8A9101C9B6FD10086619F /* Conversion.swift */; };
		96C5C3891B3C6988009121A1 /* MigrationTests.swift in Sources */ = {isa = PBXBuildFile; fileRef = 041817801B124AB4002CA532 /* MigrationTests.swift */; };
		96C86BFD1BC2E81800D6F0F3 /* TestProtocolConformer.swift in Sources */ = {isa = PBXBuildFile; fileRef = 96C86BFB1BC2E7F500D6F0F3 /* TestProtocolConformer.swift */; };
/* End PBXBuildFile section */

/* Begin PBXContainerItemProxy section */
		04012A821AE12FA6006DAC19 /* PBXContainerItemProxy */ = {
			isa = PBXContainerItemProxy;
			containerPortal = 04012A6C1AE12FA6006DAC19 /* Project object */;
			proxyType = 1;
			remoteGlobalIDString = 04012A741AE12FA6006DAC19;
			remoteInfo = Spot;
		};
		96B8A8FA1C9ADB350086619F /* PBXContainerItemProxy */ = {
			isa = PBXContainerItemProxy;
			containerPortal = 04012A6C1AE12FA6006DAC19 /* Project object */;
			proxyType = 1;
			remoteGlobalIDString = 04012AE31AE13A90006DAC19;
			remoteInfo = TestModels;
		};
/* End PBXContainerItemProxy section */

/* Begin PBXCopyFilesBuildPhase section */
		0443C9CE1AE7A89B008299E5 /* Copy Frameworks */ = {
			isa = PBXCopyFilesBuildPhase;
			buildActionMask = 2147483647;
			dstPath = "";
			dstSubfolderSpec = 10;
			files = (
			);
			name = "Copy Frameworks";
			runOnlyForDeploymentPostprocessing = 0;
		};
/* End PBXCopyFilesBuildPhase section */

/* Begin PBXFileReference section */
		04012A751AE12FA6006DAC19 /* State.framework */ = {isa = PBXFileReference; explicitFileType = wrapper.framework; includeInIndex = 0; path = State.framework; sourceTree = BUILT_PRODUCTS_DIR; };
		04012A801AE12FA6006DAC19 /* StateTests.xctest */ = {isa = PBXFileReference; explicitFileType = wrapper.cfbundle; includeInIndex = 0; path = StateTests.xctest; sourceTree = BUILT_PRODUCTS_DIR; };
		04012A861AE12FA6006DAC19 /* Info.plist */ = {isa = PBXFileReference; lastKnownFileType = text.plist; name = Info.plist; path = Tests/Info.plist; sourceTree = "<group>"; };
		04012AC51AE132AE006DAC19 /* BasicModels.swift */ = {isa = PBXFileReference; fileEncoding = 4; lastKnownFileType = sourcecode.swift; name = BasicModels.swift; path = Tests/Models/BasicModels.swift; sourceTree = "<group>"; };
		04012AC61AE132AE006DAC19 /* ObjectModels.swift */ = {isa = PBXFileReference; fileEncoding = 4; lastKnownFileType = sourcecode.swift; name = ObjectModels.swift; path = Tests/Models/ObjectModels.swift; sourceTree = "<group>"; };
		04012AC71AE132AE006DAC19 /* RecursiveModel.swift */ = {isa = PBXFileReference; fileEncoding = 4; lastKnownFileType = sourcecode.swift; name = RecursiveModel.swift; path = Tests/Models/RecursiveModel.swift; sourceTree = "<group>"; };
		041817621B1239C4002CA532 /* TestModels.xcdatamodel */ = {isa = PBXFileReference; lastKnownFileType = wrapper.xcdatamodel; path = TestModels.xcdatamodel; sourceTree = "<group>"; };
		041817781B124AB4002CA532 /* BaseTest.swift */ = {isa = PBXFileReference; fileEncoding = 4; lastKnownFileType = sourcecode.swift; name = BaseTest.swift; path = Tests/Tests/BaseTest.swift; sourceTree = SOURCE_ROOT; };
		041817791B124AB4002CA532 /* ConverterTests.swift */ = {isa = PBXFileReference; fileEncoding = 4; lastKnownFileType = sourcecode.swift; name = ConverterTests.swift; path = Tests/Tests/ConverterTests.swift; sourceTree = SOURCE_ROOT; };
		0418177A1B124AB4002CA532 /* DecodableTests.swift */ = {isa = PBXFileReference; fileEncoding = 4; lastKnownFileType = sourcecode.swift; name = DecodableTests.swift; path = Tests/Tests/DecodableTests.swift; sourceTree = SOURCE_ROOT; };
		0418177B1B124AB4002CA532 /* DecodingTests.swift */ = {isa = PBXFileReference; fileEncoding = 4; lastKnownFileType = sourcecode.swift; name = DecodingTests.swift; path = Tests/Tests/DecodingTests.swift; sourceTree = SOURCE_ROOT; };
		0418177C1B124AB4002CA532 /* DefaultTests.swift */ = {isa = PBXFileReference; fileEncoding = 4; lastKnownFileType = sourcecode.swift; name = DefaultTests.swift; path = Tests/Tests/DefaultTests.swift; sourceTree = SOURCE_ROOT; };
		0418177D1B124AB4002CA532 /* EncodableTests.swift */ = {isa = PBXFileReference; fileEncoding = 4; lastKnownFileType = sourcecode.swift; name = EncodableTests.swift; path = Tests/Tests/EncodableTests.swift; sourceTree = SOURCE_ROOT; };
		0418177E1B124AB4002CA532 /* EncodingTests.swift */ = {isa = PBXFileReference; fileEncoding = 4; lastKnownFileType = sourcecode.swift; name = EncodingTests.swift; path = Tests/Tests/EncodingTests.swift; sourceTree = SOURCE_ROOT; };
		0418177F1B124AB4002CA532 /* EnumTests.swift */ = {isa = PBXFileReference; fileEncoding = 4; lastKnownFileType = sourcecode.swift; name = EnumTests.swift; path = Tests/Tests/EnumTests.swift; sourceTree = SOURCE_ROOT; };
		041817801B124AB4002CA532 /* MigrationTests.swift */ = {isa = PBXFileReference; fileEncoding = 4; lastKnownFileType = sourcecode.swift; name = MigrationTests.swift; path = Tests/Tests/MigrationTests.swift; sourceTree = SOURCE_ROOT; };
		041817811B124AB4002CA532 /* PerfTests.swift */ = {isa = PBXFileReference; fileEncoding = 4; lastKnownFileType = sourcecode.swift; name = PerfTests.swift; path = Tests/Tests/PerfTests.swift; sourceTree = SOURCE_ROOT; };
		041817821B124AB4002CA532 /* RecursiveTests.swift */ = {isa = PBXFileReference; fileEncoding = 4; lastKnownFileType = sourcecode.swift; name = RecursiveTests.swift; path = Tests/Tests/RecursiveTests.swift; sourceTree = SOURCE_ROOT; };
		041817831B124AB4002CA532 /* RelationshipTests.swift */ = {isa = PBXFileReference; fileEncoding = 4; lastKnownFileType = sourcecode.swift; name = RelationshipTests.swift; path = Tests/Tests/RelationshipTests.swift; sourceTree = SOURCE_ROOT; };
		041817841B124AB4002CA532 /* TemplateTests.swift */ = {isa = PBXFileReference; fileEncoding = 4; lastKnownFileType = sourcecode.swift; name = TemplateTests.swift; path = Tests/Tests/TemplateTests.swift; sourceTree = SOURCE_ROOT; };
		0443C9D01AE7F0F1008299E5 /* human.swift.motemplate */ = {isa = PBXFileReference; lastKnownFileType = text; name = human.swift.motemplate; path = Templates/human.swift.motemplate; sourceTree = SOURCE_ROOT; };
		0443C9D11AE7F0F1008299E5 /* machine.swift.motemplate */ = {isa = PBXFileReference; lastKnownFileType = text; name = machine.swift.motemplate; path = Templates/machine.swift.motemplate; sourceTree = SOURCE_ROOT; };
		044F88881AE69BD900FAB475 /* Company.swift */ = {isa = PBXFileReference; fileEncoding = 4; lastKnownFileType = sourcecode.swift; name = Company.swift; path = Tests/Models/TestModels/Company.swift; sourceTree = "<group>"; };
		044F88891AE69BD900FAB475 /* Employee.swift */ = {isa = PBXFileReference; fileEncoding = 4; lastKnownFileType = sourcecode.swift; name = Employee.swift; path = Tests/Models/TestModels/Employee.swift; sourceTree = "<group>"; };
		044F888A1AE69BD900FAB475 /* Gender.swift */ = {isa = PBXFileReference; fileEncoding = 4; lastKnownFileType = sourcecode.swift; name = Gender.swift; path = Tests/Models/TestModels/Gender.swift; sourceTree = "<group>"; };
		044F888B1AE69BD900FAB475 /* Grandchild.swift */ = {isa = PBXFileReference; fileEncoding = 4; lastKnownFileType = sourcecode.swift; name = Grandchild.swift; path = Tests/Models/TestModels/Grandchild.swift; sourceTree = "<group>"; };
		044F888C1AE69BD900FAB475 /* TestChild.swift */ = {isa = PBXFileReference; fileEncoding = 4; lastKnownFileType = sourcecode.swift; name = TestChild.swift; path = Tests/Models/TestModels/TestChild.swift; sourceTree = "<group>"; };
		044F888D1AE69BD900FAB475 /* TestCollections.swift */ = {isa = PBXFileReference; fileEncoding = 4; lastKnownFileType = sourcecode.swift; name = TestCollections.swift; path = Tests/Models/TestModels/TestCollections.swift; sourceTree = "<group>"; };
		044F888F1AE69BD900FAB475 /* TestImmutableOptionalTypes.swift */ = {isa = PBXFileReference; fileEncoding = 4; lastKnownFileType = sourcecode.swift; name = TestImmutableOptionalTypes.swift; path = Tests/Models/TestModels/TestImmutableOptionalTypes.swift; sourceTree = "<group>"; };
		044F88901AE69BD900FAB475 /* TestImmutableTypes.swift */ = {isa = PBXFileReference; fileEncoding = 4; lastKnownFileType = sourcecode.swift; name = TestImmutableTypes.swift; path = Tests/Models/TestModels/TestImmutableTypes.swift; sourceTree = "<group>"; };
		044F88911AE69BD900FAB475 /* TestOptionalTypes.swift */ = {isa = PBXFileReference; fileEncoding = 4; lastKnownFileType = sourcecode.swift; name = TestOptionalTypes.swift; path = Tests/Models/TestModels/TestOptionalTypes.swift; sourceTree = "<group>"; };
		044F88921AE69BD900FAB475 /* TestOverrideType.swift */ = {isa = PBXFileReference; fileEncoding = 4; lastKnownFileType = sourcecode.swift; name = TestOverrideType.swift; path = Tests/Models/TestModels/TestOverrideType.swift; sourceTree = "<group>"; };
		044F88931AE69BD900FAB475 /* TestRelationships.swift */ = {isa = PBXFileReference; fileEncoding = 4; lastKnownFileType = sourcecode.swift; name = TestRelationships.swift; path = Tests/Models/TestModels/TestRelationships.swift; sourceTree = "<group>"; };
		044F88941AE69BD900FAB475 /* TestTransformable.swift */ = {isa = PBXFileReference; fileEncoding = 4; lastKnownFileType = sourcecode.swift; name = TestTransformable.swift; path = Tests/Models/TestModels/TestTransformable.swift; sourceTree = "<group>"; };
		044F88951AE69BD900FAB475 /* TestTypes.swift */ = {isa = PBXFileReference; fileEncoding = 4; lastKnownFileType = sourcecode.swift; name = TestTypes.swift; path = Tests/Models/TestModels/TestTypes.swift; sourceTree = "<group>"; };
		0485AA171AFE9B83008E89D6 /* _TestMigrationV1.swift */ = {isa = PBXFileReference; fileEncoding = 4; lastKnownFileType = sourcecode.swift; name = _TestMigrationV1.swift; path = Tests/Models/TestModels/_TestMigrationV1.swift; sourceTree = "<group>"; };
		0485AA181AFE9B83008E89D6 /* TestMigrationV1.swift */ = {isa = PBXFileReference; fileEncoding = 4; lastKnownFileType = sourcecode.swift; name = TestMigrationV1.swift; path = Tests/Models/TestModels/TestMigrationV1.swift; sourceTree = "<group>"; };
		0485AA1E1AFE9BDE008E89D6 /* TestMigrationV2.swift */ = {isa = PBXFileReference; fileEncoding = 4; lastKnownFileType = sourcecode.swift; name = TestMigrationV2.swift; path = Tests/Models/TestModels/TestMigrationV2.swift; sourceTree = "<group>"; };
		0485AA231AFE9C43008E89D6 /* _TestMigrationV2.swift */ = {isa = PBXFileReference; fileEncoding = 4; lastKnownFileType = sourcecode.swift; name = _TestMigrationV2.swift; path = Tests/Models/TestModels/_TestMigrationV2.swift; sourceTree = "<group>"; };
		04925EBF1AE9967500BF1D88 /* TestDefaults.swift */ = {isa = PBXFileReference; fileEncoding = 4; lastKnownFileType = sourcecode.swift; name = TestDefaults.swift; path = Tests/Models/TestModels/TestDefaults.swift; sourceTree = "<group>"; };
		04925EC11AE9967B00BF1D88 /* _TestDefaults.swift */ = {isa = PBXFileReference; fileEncoding = 4; lastKnownFileType = sourcecode.swift; name = _TestDefaults.swift; path = Tests/Models/TestModels/_TestDefaults.swift; sourceTree = "<group>"; };
		0493E73B1B12330B00CD93E2 /* TestModels */ = {isa = PBXFileReference; lastKnownFileType = folder; name = TestModels; path = Tests/Models/TestModels; sourceTree = SOURCE_ROOT; };
		04BD1ACD1AE9A6E4008F576C /* _TestDefaultsChild.swift */ = {isa = PBXFileReference; fileEncoding = 4; lastKnownFileType = sourcecode.swift; name = _TestDefaultsChild.swift; path = Tests/Models/TestModels/_TestDefaultsChild.swift; sourceTree = "<group>"; };
		04BD1ACE1AE9A6E4008F576C /* TestDefaultsChild.swift */ = {isa = PBXFileReference; fileEncoding = 4; lastKnownFileType = sourcecode.swift; name = TestDefaultsChild.swift; path = Tests/Models/TestModels/TestDefaultsChild.swift; sourceTree = "<group>"; };
		04BD1AED1AEACF75008F576C /* _TestRegEnum.swift */ = {isa = PBXFileReference; fileEncoding = 4; lastKnownFileType = sourcecode.swift; name = _TestRegEnum.swift; path = Tests/Models/TestModels/_TestRegEnum.swift; sourceTree = "<group>"; };
		04BD1AEE1AEACF75008F576C /* TestRegEnum.swift */ = {isa = PBXFileReference; fileEncoding = 4; lastKnownFileType = sourcecode.swift; name = TestRegEnum.swift; path = Tests/Models/TestModels/TestRegEnum.swift; sourceTree = "<group>"; };
		04BD1AF11AEACF86008F576C /* _TestRawEnum.swift */ = {isa = PBXFileReference; fileEncoding = 4; lastKnownFileType = sourcecode.swift; name = _TestRawEnum.swift; path = Tests/Models/TestModels/_TestRawEnum.swift; sourceTree = "<group>"; };
		04BD1AF21AEACF86008F576C /* TestRawEnum.swift */ = {isa = PBXFileReference; fileEncoding = 4; lastKnownFileType = sourcecode.swift; name = TestRawEnum.swift; path = Tests/Models/TestModels/TestRawEnum.swift; sourceTree = "<group>"; };
		04BD1AF51AEAD2A0008F576C /* _TestAssociatedEnum.swift */ = {isa = PBXFileReference; fileEncoding = 4; lastKnownFileType = sourcecode.swift; name = _TestAssociatedEnum.swift; path = Tests/Models/TestModels/_TestAssociatedEnum.swift; sourceTree = "<group>"; };
		04BD1AF71AEAD2B9008F576C /* TestAssociatedEnum.swift */ = {isa = PBXFileReference; fileEncoding = 4; lastKnownFileType = sourcecode.swift; name = TestAssociatedEnum.swift; path = Tests/Models/TestModels/TestAssociatedEnum.swift; sourceTree = "<group>"; };
		04BD1AFD1AEBA549008F576C /* _TestAssociatedOptionalEnum.swift */ = {isa = PBXFileReference; fileEncoding = 4; lastKnownFileType = sourcecode.swift; name = _TestAssociatedOptionalEnum.swift; path = Tests/Models/TestModels/_TestAssociatedOptionalEnum.swift; sourceTree = "<group>"; };
		04BD1AFE1AEBA549008F576C /* TestAssociatedOptionalEnum.swift */ = {isa = PBXFileReference; fileEncoding = 4; lastKnownFileType = sourcecode.swift; name = TestAssociatedOptionalEnum.swift; path = Tests/Models/TestModels/TestAssociatedOptionalEnum.swift; sourceTree = "<group>"; };
		04C1B9211AE9219900A85730 /* _Company.swift */ = {isa = PBXFileReference; fileEncoding = 4; lastKnownFileType = sourcecode.swift; name = _Company.swift; path = Tests/Models/TestModels/_Company.swift; sourceTree = "<group>"; };
		04C1B9221AE9219900A85730 /* _Employee.swift */ = {isa = PBXFileReference; fileEncoding = 4; lastKnownFileType = sourcecode.swift; name = _Employee.swift; path = Tests/Models/TestModels/_Employee.swift; sourceTree = "<group>"; };
		04C1B9231AE9219900A85730 /* _Gender.swift */ = {isa = PBXFileReference; fileEncoding = 4; lastKnownFileType = sourcecode.swift; name = _Gender.swift; path = Tests/Models/TestModels/_Gender.swift; sourceTree = "<group>"; };
		04C1B9241AE9219900A85730 /* _Grandchild.swift */ = {isa = PBXFileReference; fileEncoding = 4; lastKnownFileType = sourcecode.swift; name = _Grandchild.swift; path = Tests/Models/TestModels/_Grandchild.swift; sourceTree = "<group>"; };
		04C1B9251AE9219900A85730 /* _TestChild.swift */ = {isa = PBXFileReference; fileEncoding = 4; lastKnownFileType = sourcecode.swift; name = _TestChild.swift; path = Tests/Models/TestModels/_TestChild.swift; sourceTree = "<group>"; };
		04C1B9261AE9219900A85730 /* _TestCollections.swift */ = {isa = PBXFileReference; fileEncoding = 4; lastKnownFileType = sourcecode.swift; name = _TestCollections.swift; path = Tests/Models/TestModels/_TestCollections.swift; sourceTree = "<group>"; };
		04C1B9281AE9219900A85730 /* _TestImmutableOptionalTypes.swift */ = {isa = PBXFileReference; fileEncoding = 4; lastKnownFileType = sourcecode.swift; name = _TestImmutableOptionalTypes.swift; path = Tests/Models/TestModels/_TestImmutableOptionalTypes.swift; sourceTree = "<group>"; };
		04C1B9291AE9219900A85730 /* _TestImmutableTypes.swift */ = {isa = PBXFileReference; fileEncoding = 4; lastKnownFileType = sourcecode.swift; name = _TestImmutableTypes.swift; path = Tests/Models/TestModels/_TestImmutableTypes.swift; sourceTree = "<group>"; };
		04C1B92A1AE9219900A85730 /* _TestOptionalTypes.swift */ = {isa = PBXFileReference; fileEncoding = 4; lastKnownFileType = sourcecode.swift; name = _TestOptionalTypes.swift; path = Tests/Models/TestModels/_TestOptionalTypes.swift; sourceTree = "<group>"; };
		04C1B92B1AE9219900A85730 /* _TestOverrideType.swift */ = {isa = PBXFileReference; fileEncoding = 4; lastKnownFileType = sourcecode.swift; name = _TestOverrideType.swift; path = Tests/Models/TestModels/_TestOverrideType.swift; sourceTree = "<group>"; };
		04C1B92C1AE9219900A85730 /* _TestRelationships.swift */ = {isa = PBXFileReference; fileEncoding = 4; lastKnownFileType = sourcecode.swift; name = _TestRelationships.swift; path = Tests/Models/TestModels/_TestRelationships.swift; sourceTree = "<group>"; };
		04C1B92D1AE9219900A85730 /* _TestTransformable.swift */ = {isa = PBXFileReference; fileEncoding = 4; lastKnownFileType = sourcecode.swift; name = _TestTransformable.swift; path = Tests/Models/TestModels/_TestTransformable.swift; sourceTree = "<group>"; };
		04C1B92E1AE9219900A85730 /* _TestTypes.swift */ = {isa = PBXFileReference; fileEncoding = 4; lastKnownFileType = sourcecode.swift; name = _TestTypes.swift; path = Tests/Models/TestModels/_TestTypes.swift; sourceTree = "<group>"; };
		04C1B93D1AE93D9800A85730 /* README.md */ = {isa = PBXFileReference; lastKnownFileType = net.daringfireball.markdown; path = README.md; sourceTree = "<group>"; };
		04C1B93E1AE93DA100A85730 /* LICENSE */ = {isa = PBXFileReference; lastKnownFileType = text; name = LICENSE; path = ../LICENSE; sourceTree = "<group>"; };
		04C3C6D71AFA73E600C95039 /* _TestTransient.swift */ = {isa = PBXFileReference; fileEncoding = 4; lastKnownFileType = sourcecode.swift; name = _TestTransient.swift; path = Tests/Models/TestModels/_TestTransient.swift; sourceTree = "<group>"; };
		04C3C6D81AFA73E600C95039 /* TestTransient.swift */ = {isa = PBXFileReference; fileEncoding = 4; lastKnownFileType = sourcecode.swift; name = TestTransient.swift; path = Tests/Models/TestModels/TestTransient.swift; sourceTree = "<group>"; };
		04C3C6DD1AFA77E300C95039 /* _TestTransient2.swift */ = {isa = PBXFileReference; fileEncoding = 4; lastKnownFileType = sourcecode.swift; name = _TestTransient2.swift; path = Tests/Models/TestModels/_TestTransient2.swift; sourceTree = "<group>"; };
		04C3C6DE1AFA77E300C95039 /* TestTransient2.swift */ = {isa = PBXFileReference; fileEncoding = 4; lastKnownFileType = sourcecode.swift; name = TestTransient2.swift; path = Tests/Models/TestModels/TestTransient2.swift; sourceTree = "<group>"; };
		04C3C6E31AFA7E2400C95039 /* _TestTransient3.swift */ = {isa = PBXFileReference; fileEncoding = 4; lastKnownFileType = sourcecode.swift; name = _TestTransient3.swift; path = Tests/Models/TestModels/_TestTransient3.swift; sourceTree = "<group>"; };
		04C3C6E41AFA7E2400C95039 /* TestTransient3.swift */ = {isa = PBXFileReference; fileEncoding = 4; lastKnownFileType = sourcecode.swift; name = TestTransient3.swift; path = Tests/Models/TestModels/TestTransient3.swift; sourceTree = "<group>"; };
		961D13EB1C11AE5A00F0EE1F /* Big_data-bin.plist */ = {isa = PBXFileReference; lastKnownFileType = file.bplist; name = "Big_data-bin.plist"; path = "Tests/Inputs/Big_data-bin.plist"; sourceTree = SOURCE_ROOT; };
		961D13EC1C11AE5A00F0EE1F /* Big_data.json */ = {isa = PBXFileReference; fileEncoding = 4; lastKnownFileType = text.json; name = Big_data.json; path = Tests/Inputs/Big_data.json; sourceTree = SOURCE_ROOT; };
		961D13ED1C11AE5A00F0EE1F /* Big_data.plist */ = {isa = PBXFileReference; fileEncoding = 4; lastKnownFileType = text.plist.xml; name = Big_data.plist; path = Tests/Inputs/Big_data.plist; sourceTree = SOURCE_ROOT; };
		961D13EE1C11AE5A00F0EE1F /* Data.json */ = {isa = PBXFileReference; fileEncoding = 4; lastKnownFileType = text.json; name = Data.json; path = Tests/Inputs/Data.json; sourceTree = SOURCE_ROOT; };
		961D13EF1C11AE5A00F0EE1F /* Data.plist */ = {isa = PBXFileReference; fileEncoding = 4; lastKnownFileType = text.plist.xml; name = Data.plist; path = Tests/Inputs/Data.plist; sourceTree = SOURCE_ROOT; };
		9690A0601C9429A300924F4C /* ProtocolTests.swift */ = {isa = PBXFileReference; fileEncoding = 4; lastKnownFileType = sourcecode.swift; name = ProtocolTests.swift; path = Tests/Tests/ProtocolTests.swift; sourceTree = "<group>"; };
		9690A0621C942C9100924F4C /* _TestProtocolConformer2.swift */ = {isa = PBXFileReference; fileEncoding = 4; lastKnownFileType = sourcecode.swift; name = _TestProtocolConformer2.swift; path = Tests/Models/TestModels/_TestProtocolConformer2.swift; sourceTree = "<group>"; };
		9690A0631C942C9100924F4C /* TestProtocolConformer2.swift */ = {isa = PBXFileReference; fileEncoding = 4; lastKnownFileType = sourcecode.swift; name = TestProtocolConformer2.swift; path = Tests/Models/TestModels/TestProtocolConformer2.swift; sourceTree = "<group>"; };
		96960A4B1C90F00B00D4E6D0 /* Library.swift */ = {isa = PBXFileReference; fileEncoding = 4; lastKnownFileType = sourcecode.swift; path = Library.swift; sourceTree = "<group>"; };
		96960A4C1C90F00B00D4E6D0 /* Migration.swift */ = {isa = PBXFileReference; fileEncoding = 4; lastKnownFileType = sourcecode.swift; path = Migration.swift; sourceTree = "<group>"; };
		96960A4D1C90F00B00D4E6D0 /* Model.swift */ = {isa = PBXFileReference; fileEncoding = 4; lastKnownFileType = sourcecode.swift; path = Model.swift; sourceTree = "<group>"; };
		96960A651C90F07700D4E6D0 /* State.h */ = {isa = PBXFileReference; fileEncoding = 4; lastKnownFileType = sourcecode.c.h; path = State.h; sourceTree = "<group>"; };
		96960A661C90F07700D4E6D0 /* StateInfo.plist */ = {isa = PBXFileReference; fileEncoding = 4; lastKnownFileType = text.plist.xml; path = StateInfo.plist; sourceTree = "<group>"; };
		96960A671C90F07700D4E6D0 /* StateTestsInfo.plist */ = {isa = PBXFileReference; fileEncoding = 4; lastKnownFileType = text.plist.xml; path = StateTestsInfo.plist; sourceTree = "<group>"; };
		96A5435D1B63C6C8009A2B2D /* _TestDictionaryComposition.swift */ = {isa = PBXFileReference; fileEncoding = 4; lastKnownFileType = sourcecode.swift; name = _TestDictionaryComposition.swift; path = Tests/Models/TestModels/_TestDictionaryComposition.swift; sourceTree = "<group>"; };
		96A5435E1B63C6C8009A2B2D /* TestDictionaryComposition.swift */ = {isa = PBXFileReference; fileEncoding = 4; lastKnownFileType = sourcecode.swift; name = TestDictionaryComposition.swift; path = Tests/Models/TestModels/TestDictionaryComposition.swift; sourceTree = "<group>"; };
		96A85FD41B4AD38E006A5ABE /* _TestParentProtocol.swift */ = {isa = PBXFileReference; fileEncoding = 4; lastKnownFileType = sourcecode.swift; name = _TestParentProtocol.swift; path = Tests/Models/TestModels/_TestParentProtocol.swift; sourceTree = "<group>"; };
		96A85FD51B4AD38E006A5ABE /* _TestProtocol.swift */ = {isa = PBXFileReference; fileEncoding = 4; lastKnownFileType = sourcecode.swift; name = _TestProtocol.swift; path = Tests/Models/TestModels/_TestProtocol.swift; sourceTree = "<group>"; };
		96A85FE31B4ADCF8006A5ABE /* _TestProtocolConformer.swift */ = {isa = PBXFileReference; fileEncoding = 4; lastKnownFileType = sourcecode.swift; name = _TestProtocolConformer.swift; path = Tests/Models/TestModels/_TestProtocolConformer.swift; sourceTree = "<group>"; };
		96A860291B4B2D5E006A5ABE /* TestParentProtocol.swift */ = {isa = PBXFileReference; fileEncoding = 4; lastKnownFileType = sourcecode.swift; name = TestParentProtocol.swift; path = Tests/Models/TestModels/TestParentProtocol.swift; sourceTree = "<group>"; };
		96A8602C1B4B3040006A5ABE /* _TestProtocolContainter.swift */ = {isa = PBXFileReference; fileEncoding = 4; lastKnownFileType = sourcecode.swift; name = _TestProtocolContainter.swift; path = Tests/Models/TestModels/_TestProtocolContainter.swift; sourceTree = "<group>"; };
		96A8602F1B4B304A006A5ABE /* TestProtocolContainter.swift */ = {isa = PBXFileReference; fileEncoding = 4; lastKnownFileType = sourcecode.swift; name = TestProtocolContainter.swift; path = Tests/Models/TestModels/TestProtocolContainter.swift; sourceTree = "<group>"; };
		96A860321B4B35A8006A5ABE /* TestProtocol.swift */ = {isa = PBXFileReference; fileEncoding = 4; lastKnownFileType = sourcecode.swift; name = TestProtocol.swift; path = Tests/Models/TestModels/TestProtocol.swift; sourceTree = "<group>"; };
		96B8A8F81C9AD3CC0086619F /* Coding.swift */ = {isa = PBXFileReference; fileEncoding = 4; lastKnownFileType = sourcecode.swift; name = Coding.swift; path = Sources/Coding.swift; sourceTree = SOURCE_ROOT; };
		96B8A90C1C9B6CA60086619F /* NSURL+Coding.swift */ = {isa = PBXFileReference; fileEncoding = 4; lastKnownFileType = sourcecode.swift; path = "NSURL+Coding.swift"; sourceTree = "<group>"; };
		96B8A90D1C9B6CA60086619F /* UIColor+Coding.swift */ = {isa = PBXFileReference; fileEncoding = 4; lastKnownFileType = sourcecode.swift; path = "UIColor+Coding.swift"; sourceTree = "<group>"; };
		96B8A9101C9B6FD10086619F /* Conversion.swift */ = {isa = PBXFileReference; fileEncoding = 4; lastKnownFileType = sourcecode.swift; path = Conversion.swift; sourceTree = "<group>"; };
		96B8A9431C9BEB380086619F /* KVStore-Inernals.swift */ = {isa = PBXFileReference; fileEncoding = 4; lastKnownFileType = sourcecode.swift; path = "KVStore-Inernals.swift"; sourceTree = "<group>"; };
		96B8A9441C9BEB380086619F /* KVStore.swift */ = {isa = PBXFileReference; fileEncoding = 4; lastKnownFileType = sourcecode.swift; path = KVStore.swift; sourceTree = "<group>"; };
		96B8A9471C9BEB4F0086619F /* KVStoreTests.swift */ = {isa = PBXFileReference; fileEncoding = 4; lastKnownFileType = sourcecode.swift; name = KVStoreTests.swift; path = Tests/Tests/KVStoreTests.swift; sourceTree = "<group>"; };
		96C86BFB1BC2E7F500D6F0F3 /* TestProtocolConformer.swift */ = {isa = PBXFileReference; fileEncoding = 4; lastKnownFileType = sourcecode.swift; name = TestProtocolConformer.swift; path = Tests/Models/TestModels/TestProtocolConformer.swift; sourceTree = "<group>"; };
		96CE6B7B1B3BFDEC00D632BF /* Docs */ = {isa = PBXFileReference; lastKnownFileType = folder; path = Docs; sourceTree = "<group>"; };
/* End PBXFileReference section */

/* Begin PBXFrameworksBuildPhase section */
		04012A711AE12FA6006DAC19 /* Frameworks */ = {
			isa = PBXFrameworksBuildPhase;
			buildActionMask = 2147483647;
			files = (
			);
			runOnlyForDeploymentPostprocessing = 0;
		};
		04012A7D1AE12FA6006DAC19 /* Frameworks */ = {
			isa = PBXFrameworksBuildPhase;
			buildActionMask = 2147483647;
			files = (
			);
			runOnlyForDeploymentPostprocessing = 0;
		};
/* End PBXFrameworksBuildPhase section */

/* Begin PBXGroup section */
		04012A6B1AE12FA6006DAC19 = {
			isa = PBXGroup;
			children = (
				04C1B93D1AE93D9800A85730 /* README.md */,
				96CE6B7B1B3BFDEC00D632BF /* Docs */,
				96960A431C90F00B00D4E6D0 /* Sources */,
				04012A841AE12FA6006DAC19 /* Tests */,
				04012AAF1AE130B7006DAC19 /* Templates */,
				96960A641C90F07700D4E6D0 /* Support */,
				04012A761AE12FA6006DAC19 /* Products */,
			);
			sourceTree = "<group>";
		};
		04012A761AE12FA6006DAC19 /* Products */ = {
			isa = PBXGroup;
			children = (
				04012A751AE12FA6006DAC19 /* State.framework */,
				04012A801AE12FA6006DAC19 /* StateTests.xctest */,
			);
			name = Products;
			sourceTree = "<group>";
		};
		04012A841AE12FA6006DAC19 /* Tests */ = {
			isa = PBXGroup;
			children = (
				04012AB91AE13274006DAC19 /* Inputs */,
				041817781B124AB4002CA532 /* BaseTest.swift */,
				96B8A9471C9BEB4F0086619F /* KVStoreTests.swift */,
				041817791B124AB4002CA532 /* ConverterTests.swift */,
				0418177A1B124AB4002CA532 /* DecodableTests.swift */,
				0418177B1B124AB4002CA532 /* DecodingTests.swift */,
				0418177C1B124AB4002CA532 /* DefaultTests.swift */,
				0418177D1B124AB4002CA532 /* EncodableTests.swift */,
				0418177E1B124AB4002CA532 /* EncodingTests.swift */,
				0418177F1B124AB4002CA532 /* EnumTests.swift */,
				041817801B124AB4002CA532 /* MigrationTests.swift */,
				041817811B124AB4002CA532 /* PerfTests.swift */,
				041817821B124AB4002CA532 /* RecursiveTests.swift */,
				041817831B124AB4002CA532 /* RelationshipTests.swift */,
				041817841B124AB4002CA532 /* TemplateTests.swift */,
				9690A0601C9429A300924F4C /* ProtocolTests.swift */,
				04012AC41AE13290006DAC19 /* Models */,
				04012A851AE12FA6006DAC19 /* Supporting Files */,
			);
			name = Tests;
			sourceTree = "<group>";
		};
		04012A851AE12FA6006DAC19 /* Supporting Files */ = {
			isa = PBXGroup;
			children = (
				04012A861AE12FA6006DAC19 /* Info.plist */,
			);
			name = "Supporting Files";
			sourceTree = "<group>";
		};
		04012AAF1AE130B7006DAC19 /* Templates */ = {
			isa = PBXGroup;
			children = (
				0443C9D01AE7F0F1008299E5 /* human.swift.motemplate */,
				0443C9D11AE7F0F1008299E5 /* machine.swift.motemplate */,
			);
			name = Templates;
			path = Spot/Templates;
			sourceTree = "<group>";
		};
		04012AB91AE13274006DAC19 /* Inputs */ = {
			isa = PBXGroup;
			children = (
				961D13EB1C11AE5A00F0EE1F /* Big_data-bin.plist */,
				961D13EC1C11AE5A00F0EE1F /* Big_data.json */,
				961D13ED1C11AE5A00F0EE1F /* Big_data.plist */,
				961D13EE1C11AE5A00F0EE1F /* Data.json */,
				961D13EF1C11AE5A00F0EE1F /* Data.plist */,
			);
			name = Inputs;
			path = Data;
			sourceTree = "<group>";
		};
		04012AC41AE13290006DAC19 /* Models */ = {
			isa = PBXGroup;
			children = (
				0485AA1E1AFE9BDE008E89D6 /* TestMigrationV2.swift */,
				0485AA231AFE9C43008E89D6 /* _TestMigrationV2.swift */,
				0485AA171AFE9B83008E89D6 /* _TestMigrationV1.swift */,
				0485AA181AFE9B83008E89D6 /* TestMigrationV1.swift */,
				04C3C6E31AFA7E2400C95039 /* _TestTransient3.swift */,
				04C3C6E41AFA7E2400C95039 /* TestTransient3.swift */,
				04C3C6DD1AFA77E300C95039 /* _TestTransient2.swift */,
				04C3C6DE1AFA77E300C95039 /* TestTransient2.swift */,
				04C3C6D71AFA73E600C95039 /* _TestTransient.swift */,
				04C3C6D81AFA73E600C95039 /* TestTransient.swift */,
				04BD1AFD1AEBA549008F576C /* _TestAssociatedOptionalEnum.swift */,
				04BD1AFE1AEBA549008F576C /* TestAssociatedOptionalEnum.swift */,
				04BD1AF71AEAD2B9008F576C /* TestAssociatedEnum.swift */,
				04BD1AF51AEAD2A0008F576C /* _TestAssociatedEnum.swift */,
				04BD1AF11AEACF86008F576C /* _TestRawEnum.swift */,
				04BD1AF21AEACF86008F576C /* TestRawEnum.swift */,
				04BD1AED1AEACF75008F576C /* _TestRegEnum.swift */,
				04BD1AEE1AEACF75008F576C /* TestRegEnum.swift */,
				04BD1ACD1AE9A6E4008F576C /* _TestDefaultsChild.swift */,
				04BD1ACE1AE9A6E4008F576C /* TestDefaultsChild.swift */,
				04925EBF1AE9967500BF1D88 /* TestDefaults.swift */,
				04925EC11AE9967B00BF1D88 /* _TestDefaults.swift */,
				04C1B9211AE9219900A85730 /* _Company.swift */,
				04C1B9221AE9219900A85730 /* _Employee.swift */,
				04C1B9231AE9219900A85730 /* _Gender.swift */,
				04C1B9241AE9219900A85730 /* _Grandchild.swift */,
				04C1B9251AE9219900A85730 /* _TestChild.swift */,
				04C1B9261AE9219900A85730 /* _TestCollections.swift */,
				04C1B9281AE9219900A85730 /* _TestImmutableOptionalTypes.swift */,
				04C1B9291AE9219900A85730 /* _TestImmutableTypes.swift */,
				04C1B92A1AE9219900A85730 /* _TestOptionalTypes.swift */,
				04C1B92B1AE9219900A85730 /* _TestOverrideType.swift */,
				04C1B92C1AE9219900A85730 /* _TestRelationships.swift */,
				04C1B92D1AE9219900A85730 /* _TestTransformable.swift */,
				04C1B92E1AE9219900A85730 /* _TestTypes.swift */,
				044F88881AE69BD900FAB475 /* Company.swift */,
				044F88891AE69BD900FAB475 /* Employee.swift */,
				044F888A1AE69BD900FAB475 /* Gender.swift */,
				044F888B1AE69BD900FAB475 /* Grandchild.swift */,
				044F888C1AE69BD900FAB475 /* TestChild.swift */,
				044F888D1AE69BD900FAB475 /* TestCollections.swift */,
				044F888F1AE69BD900FAB475 /* TestImmutableOptionalTypes.swift */,
				044F88901AE69BD900FAB475 /* TestImmutableTypes.swift */,
				044F88911AE69BD900FAB475 /* TestOptionalTypes.swift */,
				044F88921AE69BD900FAB475 /* TestOverrideType.swift */,
				044F88931AE69BD900FAB475 /* TestRelationships.swift */,
				044F88941AE69BD900FAB475 /* TestTransformable.swift */,
				044F88951AE69BD900FAB475 /* TestTypes.swift */,
				96A85FD41B4AD38E006A5ABE /* _TestParentProtocol.swift */,
				96A85FD51B4AD38E006A5ABE /* _TestProtocol.swift */,
				96C86BFB1BC2E7F500D6F0F3 /* TestProtocolConformer.swift */,
				96A85FE31B4ADCF8006A5ABE /* _TestProtocolConformer.swift */,
				9690A0621C942C9100924F4C /* _TestProtocolConformer2.swift */,
				9690A0631C942C9100924F4C /* TestProtocolConformer2.swift */,
				96A860291B4B2D5E006A5ABE /* TestParentProtocol.swift */,
				96A8602C1B4B3040006A5ABE /* _TestProtocolContainter.swift */,
				96A8602F1B4B304A006A5ABE /* TestProtocolContainter.swift */,
				96A5435D1B63C6C8009A2B2D /* _TestDictionaryComposition.swift */,
				96A5435E1B63C6C8009A2B2D /* TestDictionaryComposition.swift */,
				041817611B1239C4002CA532 /* TestModels.xcdatamodeld */,
				96A860321B4B35A8006A5ABE /* TestProtocol.swift */,
				0493E73B1B12330B00CD93E2 /* TestModels */,
				04012AC51AE132AE006DAC19 /* BasicModels.swift */,
				04012AC61AE132AE006DAC19 /* ObjectModels.swift */,
				04012AC71AE132AE006DAC19 /* RecursiveModel.swift */,
			);
			name = Models;
			sourceTree = "<group>";
		};
		96960A431C90F00B00D4E6D0 /* Sources */ = {
			isa = PBXGroup;
			children = (
				96B8A9421C9BEB380086619F /* KVStore */,
				96960A4B1C90F00B00D4E6D0 /* Library.swift */,
				96B8A8F81C9AD3CC0086619F /* Coding.swift */,
				96B8A9101C9B6FD10086619F /* Conversion.swift */,
				96960A4C1C90F00B00D4E6D0 /* Migration.swift */,
				96960A4D1C90F00B00D4E6D0 /* Model.swift */,
				96B8A90C1C9B6CA60086619F /* NSURL+Coding.swift */,
				96B8A90D1C9B6CA60086619F /* UIColor+Coding.swift */,
			);
			path = Sources;
			sourceTree = "<group>";
		};
		96960A641C90F07700D4E6D0 /* Support */ = {
			isa = PBXGroup;
			children = (
				04C1B93E1AE93DA100A85730 /* LICENSE */,
				96960A651C90F07700D4E6D0 /* State.h */,
				96960A661C90F07700D4E6D0 /* StateInfo.plist */,
				96960A671C90F07700D4E6D0 /* StateTestsInfo.plist */,
			);
			path = Support;
			sourceTree = "<group>";
		};
		96B8A9421C9BEB380086619F /* KVStore */ = {
			isa = PBXGroup;
			children = (
				96B8A9431C9BEB380086619F /* KVStore-Inernals.swift */,
				96B8A9441C9BEB380086619F /* KVStore.swift */,
			);
			path = KVStore;
			sourceTree = "<group>";
		};
/* End PBXGroup section */

/* Begin PBXHeadersBuildPhase section */
		04012A721AE12FA6006DAC19 /* Headers */ = {
			isa = PBXHeadersBuildPhase;
			buildActionMask = 2147483647;
			files = (
				96960A681C90F07700D4E6D0 /* State.h in Headers */,
			);
			runOnlyForDeploymentPostprocessing = 0;
		};
/* End PBXHeadersBuildPhase section */

/* Begin PBXLegacyTarget section */
		04012AE31AE13A90006DAC19 /* TestModels */ = {
			isa = PBXLegacyTarget;
			buildArgumentsString = "--model $(SRCROOT)/Tests/Models/TestModels.xcdatamodeld --swift --template-path $(SRCROOT)/Templates --output-dir $(SRCROOT)/Tests/Models/TestModels";
			buildConfigurationList = 04012AE41AE13A90006DAC19 /* Build configuration list for PBXLegacyTarget "TestModels" */;
			buildPhases = (
			);
			buildToolPath = /usr/local/bin/mogenerator;
			buildWorkingDirectory = "";
			dependencies = (
			);
			name = TestModels;
			passBuildSettingsInEnvironment = 1;
			productName = TestModels;
		};
/* End PBXLegacyTarget section */

/* Begin PBXNativeTarget section */
		04012A741AE12FA6006DAC19 /* State-iOS */ = {
			isa = PBXNativeTarget;
			buildConfigurationList = 04012A8B1AE12FA6006DAC19 /* Build configuration list for PBXNativeTarget "State-iOS" */;
			buildPhases = (
				04012A701AE12FA6006DAC19 /* Sources */,
				04012A711AE12FA6006DAC19 /* Frameworks */,
				04012A721AE12FA6006DAC19 /* Headers */,
				04012A731AE12FA6006DAC19 /* Resources */,
			);
			buildRules = (
			);
			dependencies = (
			);
			name = "State-iOS";
			productName = Spot;
			productReference = 04012A751AE12FA6006DAC19 /* State.framework */;
			productType = "com.apple.product-type.framework";
		};
		04012A7F1AE12FA6006DAC19 /* Tests-iOS */ = {
			isa = PBXNativeTarget;
			buildConfigurationList = 04012A8E1AE12FA6006DAC19 /* Build configuration list for PBXNativeTarget "Tests-iOS" */;
			buildPhases = (
				04012A7C1AE12FA6006DAC19 /* Sources */,
				04012A7D1AE12FA6006DAC19 /* Frameworks */,
				04012A7E1AE12FA6006DAC19 /* Resources */,
				0443C9CE1AE7A89B008299E5 /* Copy Frameworks */,
			);
			buildRules = (
			);
			dependencies = (
				96B8A8FB1C9ADB350086619F /* PBXTargetDependency */,
				04012A831AE12FA6006DAC19 /* PBXTargetDependency */,
			);
			name = "Tests-iOS";
			productName = SpotTests;
			productReference = 04012A801AE12FA6006DAC19 /* StateTests.xctest */;
			productType = "com.apple.product-type.bundle.unit-test";
		};
/* End PBXNativeTarget section */

/* Begin PBXProject section */
		04012A6C1AE12FA6006DAC19 /* Project object */ = {
			isa = PBXProject;
			attributes = {
				LastSwiftUpdateCheck = 0730;
				LastUpgradeCheck = 0700;
				ORGANIZATIONNAME = "Amber Star";
				TargetAttributes = {
					04012A741AE12FA6006DAC19 = {
						CreatedOnToolsVersion = 6.3;
					};
					04012A7F1AE12FA6006DAC19 = {
						CreatedOnToolsVersion = 6.3;
					};
					04012AE31AE13A90006DAC19 = {
						CreatedOnToolsVersion = 6.3;
					};
				};
			};
			buildConfigurationList = 04012A6F1AE12FA6006DAC19 /* Build configuration list for PBXProject "State" */;
			compatibilityVersion = "Xcode 3.2";
			developmentRegion = English;
			hasScannedForEncodings = 0;
			knownRegions = (
				en,
			);
			mainGroup = 04012A6B1AE12FA6006DAC19;
			productRefGroup = 04012A761AE12FA6006DAC19 /* Products */;
			projectDirPath = "";
			projectRoot = "";
			targets = (
				04012A741AE12FA6006DAC19 /* State-iOS */,
				04012A7F1AE12FA6006DAC19 /* Tests-iOS */,
				04012AE31AE13A90006DAC19 /* TestModels */,
			);
		};
/* End PBXProject section */

/* Begin PBXResourcesBuildPhase section */
		04012A731AE12FA6006DAC19 /* Resources */ = {
			isa = PBXResourcesBuildPhase;
			buildActionMask = 2147483647;
			files = (
			);
			runOnlyForDeploymentPostprocessing = 0;
		};
		04012A7E1AE12FA6006DAC19 /* Resources */ = {
			isa = PBXResourcesBuildPhase;
			buildActionMask = 2147483647;
			files = (
				961D13F21C11AE5A00F0EE1F /* Big_data.json in Resources */,
				961D13F81C11AE5A00F0EE1F /* Data.plist in Resources */,
				961D13F01C11AE5A00F0EE1F /* Big_data-bin.plist in Resources */,
				961D13F41C11AE5A00F0EE1F /* Big_data.plist in Resources */,
				961D13F61C11AE5A00F0EE1F /* Data.json in Resources */,
			);
			runOnlyForDeploymentPostprocessing = 0;
		};
/* End PBXResourcesBuildPhase section */

/* Begin PBXSourcesBuildPhase section */
		04012A701AE12FA6006DAC19 /* Sources */ = {
			isa = PBXSourcesBuildPhase;
			buildActionMask = 2147483647;
			files = (
				96B8A8F91C9AD3CC0086619F /* Coding.swift in Sources */,
				96B8A9491C9BEB870086619F /* Conversion.swift in Sources */,
				96960A5B1C90F00B00D4E6D0 /* Library.swift in Sources */,
				96960A5C1C90F00B00D4E6D0 /* Migration.swift in Sources */,
				96960A5D1C90F00B00D4E6D0 /* Model.swift in Sources */,
			);
			runOnlyForDeploymentPostprocessing = 0;
		};
		04012A7C1AE12FA6006DAC19 /* Sources */ = {
			isa = PBXSourcesBuildPhase;
			buildActionMask = 2147483647;
			files = (
				96B8A8FE1C9ADFDB0086619F /* TestProtocolContainter.swift in Sources */,
				041817871B124AB4002CA532 /* BaseTest.swift in Sources */,
				044F88971AE69BD900FAB475 /* Employee.swift in Sources */,
				04B46BE41B2EF89400ED20BF /* RelationshipTests.swift in Sources */,
				04C3C6E21AFA77E300C95039 /* TestTransient2.swift in Sources */,
				04925EC01AE9967500BF1D88 /* TestDefaults.swift in Sources */,
				041817891B124AB4002CA532 /* ConverterTests.swift in Sources */,
				0418178F1B124AB4002CA532 /* DefaultTests.swift in Sources */,
				04BD1AFF1AEBA549008F576C /* _TestAssociatedOptionalEnum.swift in Sources */,
				04C1B93C1AE9219900A85730 /* _TestTypes.swift in Sources */,
				96A5435F1B63C6C8009A2B2D /* _TestDictionaryComposition.swift in Sources */,
				0418178B1B124AB4002CA532 /* DecodableTests.swift in Sources */,
				04BD1AF61AEAD2A0008F576C /* _TestAssociatedEnum.swift in Sources */,
				96C86BFD1BC2E81800D6F0F3 /* TestProtocolConformer.swift in Sources */,
				0418179B1B124AB4002CA532 /* RecursiveTests.swift in Sources */,
				04C3C6DC1AFA73E600C95039 /* TestTransient.swift in Sources */,
				04C1B9361AE9219900A85730 /* _TestImmutableOptionalTypes.swift in Sources */,
				044F889B1AE69BD900FAB475 /* TestCollections.swift in Sources */,
				04C1B9301AE9219900A85730 /* _Employee.swift in Sources */,
				044F88A31AE69BD900FAB475 /* TestTypes.swift in Sources */,
				96B8A9091C9AFA390086619F /* (null) in Sources */,
				96A543611B63C6C8009A2B2D /* TestDictionaryComposition.swift in Sources */,
				044F88A11AE69BD900FAB475 /* TestRelationships.swift in Sources */,
				044F88981AE69BD900FAB475 /* Gender.swift in Sources */,
				0485AA221AFE9BDE008E89D6 /* TestMigrationV2.swift in Sources */,
				0485AA251AFE9C43008E89D6 /* _TestMigrationV2.swift in Sources */,
				9690A0641C942C9100924F4C /* _TestProtocolConformer2.swift in Sources */,
				044F88121AE5D02900FAB475 /* ObjectModels.swift in Sources */,
				04925EC21AE9967B00BF1D88 /* _TestDefaults.swift in Sources */,
				04C3C6DA1AFA73E600C95039 /* _TestTransient.swift in Sources */,
				041817951B124AB4002CA532 /* EnumTests.swift in Sources */,
				044F88961AE69BD900FAB475 /* Company.swift in Sources */,
				04B46BE21B2EF44F00ED20BF /* BasicModels.swift in Sources */,
				04C1B93A1AE9219900A85730 /* _TestRelationships.swift in Sources */,
				960072DF1BA8591700AFD3C5 /* _TestParentProtocol.swift in Sources */,
				04BD1AF01AEACF75008F576C /* TestRegEnum.swift in Sources */,
				04C1B9311AE9219900A85730 /* _Gender.swift in Sources */,
				04BD1AF41AEACF86008F576C /* TestRawEnum.swift in Sources */,
				044F889A1AE69BD900FAB475 /* TestChild.swift in Sources */,
				04C1B93B1AE9219900A85730 /* _TestTransformable.swift in Sources */,
				0485AA1A1AFE9B83008E89D6 /* _TestMigrationV1.swift in Sources */,
				04B46BE71B2EFAE800ED20BF /* DecodingTests.swift in Sources */,
				04BD1AF31AEACF86008F576C /* _TestRawEnum.swift in Sources */,
				960072DC1BA8590E00AFD3C5 /* TestParentProtocol.swift in Sources */,
				044F88A21AE69BD900FAB475 /* TestTransformable.swift in Sources */,
				04C1B9371AE9219900A85730 /* _TestImmutableTypes.swift in Sources */,
				04C1B92F1AE9219900A85730 /* _Company.swift in Sources */,
				04B46BE51B2EFAE000ED20BF /* EncodingTests.swift in Sources */,
				04C1B9381AE9219900A85730 /* _TestOptionalTypes.swift in Sources */,
				04C3C6E01AFA77E300C95039 /* _TestTransient2.swift in Sources */,
				96B8A8FD1C9ADFDB0086619F /* _TestProtocolContainter.swift in Sources */,
				0485AA1C1AFE9B83008E89D6 /* TestMigrationV1.swift in Sources */,
				041817911B124AB4002CA532 /* EncodableTests.swift in Sources */,
				04BD1AD01AE9A6E4008F576C /* TestDefaultsChild.swift in Sources */,
				9690A0651C942C9100924F4C /* TestProtocolConformer2.swift in Sources */,
				04C3C6E61AFA7E2400C95039 /* _TestTransient3.swift in Sources */,
				96B8A8FC1C9ADFCF0086619F /* ProtocolTests.swift in Sources */,
				96C5C3891B3C6988009121A1 /* MigrationTests.swift in Sources */,
				044F88131AE5D02900FAB475 /* RecursiveModel.swift in Sources */,
				044F889F1AE69BD900FAB475 /* TestOptionalTypes.swift in Sources */,
				044F88A01AE69BD900FAB475 /* TestOverrideType.swift in Sources */,
				044F889E1AE69BD900FAB475 /* TestImmutableTypes.swift in Sources */,
				04C1B9391AE9219900A85730 /* _TestOverrideType.swift in Sources */,
				960072E31BA8594300AFD3C5 /* TestProtocol.swift in Sources */,
				960072E61BA8595000AFD3C5 /* _TestProtocolConformer.swift in Sources */,
				04BD1B001AEBA549008F576C /* TestAssociatedOptionalEnum.swift in Sources */,
				044F88991AE69BD900FAB475 /* Grandchild.swift in Sources */,
				04BD1AF81AEAD2B9008F576C /* TestAssociatedEnum.swift in Sources */,
				044F889D1AE69BD900FAB475 /* TestImmutableOptionalTypes.swift in Sources */,
				04C1B9321AE9219900A85730 /* _Grandchild.swift in Sources */,
				04C1B9331AE9219900A85730 /* _TestChild.swift in Sources */,
				04C1B9341AE9219900A85730 /* _TestCollections.swift in Sources */,
				04BD1ACF1AE9A6E4008F576C /* _TestDefaultsChild.swift in Sources */,
				0418179F1B124AB4002CA532 /* TemplateTests.swift in Sources */,
				04C3C6E81AFA7E2400C95039 /* TestTransient3.swift in Sources */,
				04BD1AEF1AEACF75008F576C /* _TestRegEnum.swift in Sources */,
				960072E11BA8593800AFD3C5 /* _TestProtocol.swift in Sources */,
			);
			runOnlyForDeploymentPostprocessing = 0;
		};
/* End PBXSourcesBuildPhase section */

/* Begin PBXTargetDependency section */
		04012A831AE12FA6006DAC19 /* PBXTargetDependency */ = {
			isa = PBXTargetDependency;
			target = 04012A741AE12FA6006DAC19 /* State-iOS */;
			targetProxy = 04012A821AE12FA6006DAC19 /* PBXContainerItemProxy */;
		};
		96B8A8FB1C9ADB350086619F /* PBXTargetDependency */ = {
			isa = PBXTargetDependency;
			target = 04012AE31AE13A90006DAC19 /* TestModels */;
			targetProxy = 96B8A8FA1C9ADB350086619F /* PBXContainerItemProxy */;
		};
/* End PBXTargetDependency section */

/* Begin XCBuildConfiguration section */
		04012A891AE12FA6006DAC19 /* Debug */ = {
			isa = XCBuildConfiguration;
			buildSettings = {
				ALWAYS_SEARCH_USER_PATHS = NO;
				CLANG_CXX_LANGUAGE_STANDARD = "gnu++0x";
				CLANG_CXX_LIBRARY = "libc++";
				CLANG_ENABLE_MODULES = YES;
				CLANG_ENABLE_OBJC_ARC = YES;
				CLANG_WARN_BOOL_CONVERSION = YES;
				CLANG_WARN_CONSTANT_CONVERSION = YES;
				CLANG_WARN_DIRECT_OBJC_ISA_USAGE = YES_ERROR;
				CLANG_WARN_EMPTY_BODY = YES;
				CLANG_WARN_ENUM_CONVERSION = YES;
				CLANG_WARN_INT_CONVERSION = YES;
				CLANG_WARN_OBJC_ROOT_CLASS = YES_ERROR;
				CLANG_WARN_UNREACHABLE_CODE = YES;
				CLANG_WARN__DUPLICATE_METHOD_MATCH = YES;
				"CODE_SIGN_IDENTITY[sdk=iphoneos*]" = "iPhone Developer";
				COPY_PHASE_STRIP = NO;
				CURRENT_PROJECT_VERSION = 1;
				DEBUG_INFORMATION_FORMAT = "dwarf-with-dsym";
				ENABLE_STRICT_OBJC_MSGSEND = YES;
				ENABLE_TESTABILITY = YES;
				GCC_C_LANGUAGE_STANDARD = gnu99;
				GCC_DYNAMIC_NO_PIC = NO;
				GCC_NO_COMMON_BLOCKS = YES;
				GCC_OPTIMIZATION_LEVEL = 0;
				GCC_PREPROCESSOR_DEFINITIONS = (
					"DEBUG=1",
					"$(inherited)",
				);
				GCC_SYMBOLS_PRIVATE_EXTERN = NO;
				GCC_WARN_64_TO_32_BIT_CONVERSION = YES;
				GCC_WARN_ABOUT_RETURN_TYPE = YES_ERROR;
				GCC_WARN_UNDECLARED_SELECTOR = YES;
				GCC_WARN_UNINITIALIZED_AUTOS = YES_AGGRESSIVE;
				GCC_WARN_UNUSED_FUNCTION = YES;
				GCC_WARN_UNUSED_VARIABLE = YES;
				IPHONEOS_DEPLOYMENT_TARGET = 9.0;
				MTL_ENABLE_DEBUG_INFO = YES;
				ONLY_ACTIVE_ARCH = YES;
				SDKROOT = iphoneos;
				SWIFT_OPTIMIZATION_LEVEL = "-Onone";
				TARGETED_DEVICE_FAMILY = "1,2";
				VERSIONING_SYSTEM = "apple-generic";
				VERSION_INFO_PREFIX = "";
			};
			name = Debug;
		};
		04012A8A1AE12FA6006DAC19 /* Release */ = {
			isa = XCBuildConfiguration;
			buildSettings = {
				ALWAYS_SEARCH_USER_PATHS = NO;
				CLANG_CXX_LANGUAGE_STANDARD = "gnu++0x";
				CLANG_CXX_LIBRARY = "libc++";
				CLANG_ENABLE_MODULES = YES;
				CLANG_ENABLE_OBJC_ARC = YES;
				CLANG_WARN_BOOL_CONVERSION = YES;
				CLANG_WARN_CONSTANT_CONVERSION = YES;
				CLANG_WARN_DIRECT_OBJC_ISA_USAGE = YES_ERROR;
				CLANG_WARN_EMPTY_BODY = YES;
				CLANG_WARN_ENUM_CONVERSION = YES;
				CLANG_WARN_INT_CONVERSION = YES;
				CLANG_WARN_OBJC_ROOT_CLASS = YES_ERROR;
				CLANG_WARN_UNREACHABLE_CODE = YES;
				CLANG_WARN__DUPLICATE_METHOD_MATCH = YES;
				"CODE_SIGN_IDENTITY[sdk=iphoneos*]" = "iPhone Developer";
				COPY_PHASE_STRIP = NO;
				CURRENT_PROJECT_VERSION = 1;
				DEBUG_INFORMATION_FORMAT = "dwarf-with-dsym";
				ENABLE_NS_ASSERTIONS = NO;
				ENABLE_STRICT_OBJC_MSGSEND = YES;
				GCC_C_LANGUAGE_STANDARD = gnu99;
				GCC_NO_COMMON_BLOCKS = YES;
				GCC_WARN_64_TO_32_BIT_CONVERSION = YES;
				GCC_WARN_ABOUT_RETURN_TYPE = YES_ERROR;
				GCC_WARN_UNDECLARED_SELECTOR = YES;
				GCC_WARN_UNINITIALIZED_AUTOS = YES_AGGRESSIVE;
				GCC_WARN_UNUSED_FUNCTION = YES;
				GCC_WARN_UNUSED_VARIABLE = YES;
				IPHONEOS_DEPLOYMENT_TARGET = 9.0;
				MTL_ENABLE_DEBUG_INFO = NO;
				SDKROOT = iphoneos;
				TARGETED_DEVICE_FAMILY = "1,2";
				VALIDATE_PRODUCT = YES;
				VERSIONING_SYSTEM = "apple-generic";
				VERSION_INFO_PREFIX = "";
			};
			name = Release;
		};
		04012A8C1AE12FA6006DAC19 /* Debug */ = {
			isa = XCBuildConfiguration;
			buildSettings = {
				DEFINES_MODULE = YES;
				DYLIB_COMPATIBILITY_VERSION = 1;
				DYLIB_CURRENT_VERSION = 1;
				DYLIB_INSTALL_NAME_BASE = "@rpath";
				INFOPLIST_FILE = Support/StateInfo.plist;
				INSTALL_PATH = "$(LOCAL_LIBRARY_DIR)/Frameworks";
				IPHONEOS_DEPLOYMENT_TARGET = 9.0;
				LD_RUNPATH_SEARCH_PATHS = "$(inherited) @executable_path/Frameworks @loader_path/Frameworks";
				PRODUCT_BUNDLE_IDENTIFIER = "com.amberstar.$(PRODUCT_NAME:rfc1034identifier)";
				PRODUCT_NAME = "$(PROJECT_NAME)";
				SKIP_INSTALL = YES;
			};
			name = Debug;
		};
		04012A8D1AE12FA6006DAC19 /* Release */ = {
			isa = XCBuildConfiguration;
			buildSettings = {
				DEFINES_MODULE = YES;
				DYLIB_COMPATIBILITY_VERSION = 1;
				DYLIB_CURRENT_VERSION = 1;
				DYLIB_INSTALL_NAME_BASE = "@rpath";
				INFOPLIST_FILE = Support/StateInfo.plist;
				INSTALL_PATH = "$(LOCAL_LIBRARY_DIR)/Frameworks";
				IPHONEOS_DEPLOYMENT_TARGET = 9.0;
				LD_RUNPATH_SEARCH_PATHS = "$(inherited) @executable_path/Frameworks @loader_path/Frameworks";
				PRODUCT_BUNDLE_IDENTIFIER = "com.amberstar.$(PRODUCT_NAME:rfc1034identifier)";
				PRODUCT_NAME = "$(PROJECT_NAME)";
				SKIP_INSTALL = YES;
			};
			name = Release;
		};
		04012A8F1AE12FA6006DAC19 /* Debug */ = {
			isa = XCBuildConfiguration;
			buildSettings = {
				CLANG_ENABLE_MODULES = YES;
				FRAMEWORK_SEARCH_PATHS = "$(inherited)";
				GCC_PREPROCESSOR_DEFINITIONS = (
					"DEBUG=1",
					"$(inherited)",
				);
				INFOPLIST_FILE = Support/StateTestsInfo.plist;
				LD_RUNPATH_SEARCH_PATHS = "$(inherited) @executable_path/Frameworks @loader_path/Frameworks";
				PRODUCT_BUNDLE_IDENTIFIER = "com.amberstar.$(PRODUCT_NAME:rfc1034identifier)";
				PRODUCT_NAME = "$(PROJECT_NAME)Tests";
				SWIFT_OPTIMIZATION_LEVEL = "-Onone";
			};
			name = Debug;
		};
		04012A901AE12FA6006DAC19 /* Release */ = {
			isa = XCBuildConfiguration;
			buildSettings = {
				CLANG_ENABLE_MODULES = YES;
				FRAMEWORK_SEARCH_PATHS = "$(inherited)";
				INFOPLIST_FILE = Support/StateTestsInfo.plist;
				LD_RUNPATH_SEARCH_PATHS = "$(inherited) @executable_path/Frameworks @loader_path/Frameworks";
				PRODUCT_BUNDLE_IDENTIFIER = "com.amberstar.$(PRODUCT_NAME:rfc1034identifier)";
				PRODUCT_NAME = "$(PROJECT_NAME)Tests";
			};
			name = Release;
		};
		04012AE51AE13A90006DAC19 /* Debug */ = {
			isa = XCBuildConfiguration;
			buildSettings = {
				DEBUGGING_SYMBOLS = YES;
				DEBUG_INFORMATION_FORMAT = dwarf;
				GCC_GENERATE_DEBUGGING_SYMBOLS = YES;
				GCC_OPTIMIZATION_LEVEL = 0;
				GCC_PREPROCESSOR_DEFINITIONS = (
					"DEBUG=1",
					"$(inherited)",
				);
				MACOSX_DEPLOYMENT_TARGET = 10.10;
				OTHER_CFLAGS = "";
				OTHER_LDFLAGS = "";
				PRODUCT_NAME = "$(TARGET_NAME)";
				SDKROOT = macosx;
			};
			name = Debug;
		};
		04012AE61AE13A90006DAC19 /* Release */ = {
			isa = XCBuildConfiguration;
			buildSettings = {
				MACOSX_DEPLOYMENT_TARGET = 10.10;
				OTHER_CFLAGS = "";
				OTHER_LDFLAGS = "";
				PRODUCT_NAME = "$(TARGET_NAME)";
				SDKROOT = macosx;
			};
			name = Release;
		};
/* End XCBuildConfiguration section */

/* Begin XCConfigurationList section */
		04012A6F1AE12FA6006DAC19 /* Build configuration list for PBXProject "State" */ = {
			isa = XCConfigurationList;
			buildConfigurations = (
				04012A891AE12FA6006DAC19 /* Debug */,
				04012A8A1AE12FA6006DAC19 /* Release */,
			);
			defaultConfigurationIsVisible = 0;
			defaultConfigurationName = Release;
		};
		04012A8B1AE12FA6006DAC19 /* Build configuration list for PBXNativeTarget "State-iOS" */ = {
			isa = XCConfigurationList;
			buildConfigurations = (
				04012A8C1AE12FA6006DAC19 /* Debug */,
				04012A8D1AE12FA6006DAC19 /* Release */,
			);
			defaultConfigurationIsVisible = 0;
			defaultConfigurationName = Release;
		};
		04012A8E1AE12FA6006DAC19 /* Build configuration list for PBXNativeTarget "Tests-iOS" */ = {
			isa = XCConfigurationList;
			buildConfigurations = (
				04012A8F1AE12FA6006DAC19 /* Debug */,
				04012A901AE12FA6006DAC19 /* Release */,
			);
			defaultConfigurationIsVisible = 0;
			defaultConfigurationName = Release;
		};
		04012AE41AE13A90006DAC19 /* Build configuration list for PBXLegacyTarget "TestModels" */ = {
			isa = XCConfigurationList;
			buildConfigurations = (
				04012AE51AE13A90006DAC19 /* Debug */,
				04012AE61AE13A90006DAC19 /* Release */,
			);
			defaultConfigurationIsVisible = 0;
			defaultConfigurationName = Release;
		};
/* End XCConfigurationList section */

/* Begin XCVersionGroup section */
		041817611B1239C4002CA532 /* TestModels.xcdatamodeld */ = {
			isa = XCVersionGroup;
			children = (
				041817621B1239C4002CA532 /* TestModels.xcdatamodel */,
			);
			currentVersion = 041817621B1239C4002CA532 /* TestModels.xcdatamodel */;
			name = TestModels.xcdatamodeld;
			path = Tests/Models/TestModels.xcdatamodeld;
			sourceTree = "<group>";
			versionGroupType = wrapper.xcdatamodel;
		};
/* End XCVersionGroup section */
	};
	rootObject = 04012A6C1AE12FA6006DAC19 /* Project object */;
}
